
Microsoft Visual Studio Solution File, Format Version 12.00
# Visual Studio Version 17
VisualStudioVersion = 17.0.31808.319
MinimumVisualStudioVersion = 10.0.40219.1
Project("{FAE04EC0-301F-11D3-BF4B-00C04F79EFBC}") = "SBDproject", "SBDproject.csproj", "{C0AAF8D2-70CD-404D-A90C-8E6A1D248457}"
EndProject
Global
	GlobalSection(SolutionConfigurationPlatforms) = preSolution
		Debug|Any CPU = Debug|Any CPU
		Release|Any CPU = Release|Any CPU
	EndGlobalSection
	GlobalSection(ProjectConfigurationPlatforms) = postSolution
		{C0AAF8D2-70CD-404D-A90C-8E6A1D248457}.Debug|Any CPU.ActiveCfg = Debug|Any CPU
		{C0AAF8D2-70CD-404D-A90C-8E6A1D248457}.Debug|Any CPU.Build.0 = Debug|Any CPU
		{C0AAF8D2-70CD-404D-A90C-8E6A1D248457}.Release|Any CPU.ActiveCfg = Release|Any CPU
		{C0AAF8D2-70CD-404D-A90C-8E6A1D248457}.Release|Any CPU.Build.0 = Release|Any CPU
	EndGlobalSection
	GlobalSection(SolutionProperties) = preSolution
		HideSolutionNode = FALSE
	EndGlobalSection
	GlobalSection(ExtensibilityGlobals) = postSolution
		SolutionGuid = {BF04E156-5F3A-4254-B2A2-4B031F426727}
	EndGlobalSection
EndGlobal
